{
  "name": "printer-cairo",
  "version": "1.1.1",
  "lockfileVersion": 1,
  "requires": true,
  "dependencies": {
    "mout": {
      "version": "1.2.4",
      "resolved": "https://registry.npmjs.org/mout/-/mout-1.2.4.tgz",
      "integrity": "sha512-mZb9uOruMWgn/fw28DG4/yE3Kehfk1zKCLhuDU2O3vlKdnBBr4XaOCqVTflJ5aODavGUPqFHZgrFX3NJVuxGhQ=="
    },
    "nyks": {
      "version": "6.8.0",
      "resolved": "https://registry.npmjs.org/nyks/-/nyks-6.8.0.tgz",
      "integrity": "sha512-nGsCweey++eIAMfrfqjQqPg6G0KrtZbiVRAeXwOYwbB9NnxAhxT5gZZZsnpjUh5nvz5wzruWvcYWXbpCdCeRRg==",
      "requires": {
        "mout": "^1.0.0"
      }
    }
  }
}
